{
  "nodes": {
    "bambu-studio": {
      "locked": {
        "lastModified": 1689454414,
        "narHash": "sha256-SU1Ymji1oDmBti2wwAbQ3d7bDvNnsLYmFyWMxNE+jJU=",
        "owner": "zhaofengli",
        "repo": "nixpkgs",
        "rev": "f6d266029cfe86a27c7417be80a2ed1cb85cd79e",
        "type": "github"
      },
      "original": {
        "owner": "zhaofengli",
        "ref": "bambu-studio",
        "repo": "nixpkgs",
        "type": "github"
      }
    },
    "disko": {
      "inputs": {
        "nixpkgs": [
          "nixpkgs"
        ]
      },
      "locked": {
        "lastModified": 1681566273,
        "narHash": "sha256-qVfL2SuO6iEdmZSeI091asDR2M66IK5C1HQ+CZOobJQ=",
        "owner": "nix-community",
        "repo": "disko",
        "rev": "6cbfde5b505bbbf0cfcfff230efb272e4d4a2230",
        "type": "github"
      },
      "original": {
        "owner": "nix-community",
        "ref": "v1.0.0",
        "repo": "disko",
        "type": "github"
      }
    },
    "flake-compat": {
      "flake": false,
      "locked": {
        "lastModified": 1673956053,
        "narHash": "sha256-4gtG9iQuiKITOjNQQeQIpoIB6b16fm+504Ch3sNKLd8=",
        "owner": "edolstra",
        "repo": "flake-compat",
        "rev": "35bb57c0c8d8b62bbfd284272c928ceb64ddbde9",
        "type": "github"
      },
      "original": {
        "owner": "edolstra",
        "repo": "flake-compat",
        "type": "github"
      }
    },
    "flake-utils": {
      "inputs": {
        "systems": "systems"
      },
      "locked": {
        "lastModified": 1681202837,
        "narHash": "sha256-H+Rh19JDwRtpVPAWp64F+rlEtxUWBAQW28eAi3SRSzg=",
        "owner": "numtide",
        "repo": "flake-utils",
        "rev": "cfacdce06f30d2b68473a46042957675eebb3401",
        "type": "github"
      },
      "original": {
        "owner": "numtide",
        "repo": "flake-utils",
        "type": "github"
      }
    },
    "home-manager": {
      "inputs": {
        "nixpkgs": [
          "nixpkgs"
        ]
      },
      "locked": {
        "lastModified": 1695043542,
        "narHash": "sha256-uUoftoffo9F+tLpepz99M5Z9dTPAiBy5EjYRScaNO1o=",
        "owner": "nix-community",
        "repo": "home-manager",
        "rev": "e63a6b34792884bfe4056d1ef561b5611589b8ad",
        "type": "github"
      },
      "original": {
        "owner": "nix-community",
        "ref": "master",
        "repo": "home-manager",
        "type": "github"
      }
    },
    "nixos-hardware": {
      "locked": {
        "lastModified": 1695033975,
        "narHash": "sha256-GIUxbgLBhVyaKRxQw/NWYFLx7/jbKW3+U0HoSsMLPAs=",
        "owner": "NixOS",
        "repo": "nixos-hardware",
        "rev": "161b027169b19d3a0ad6bd0a8948edf0c0fb0f64",
        "type": "github"
      },
      "original": {
        "owner": "NixOS",
        "ref": "master",
        "repo": "nixos-hardware",
        "type": "github"
      }
    },
    "nixpkgs": {
      "locked": {
        "lastModified": 1694767346,
        "narHash": "sha256-5uH27SiVFUwsTsqC5rs3kS7pBoNhtoy9QfTP9BmknGk=",
        "owner": "NixOS",
        "repo": "nixpkgs",
        "rev": "ace5093e36ab1e95cb9463863491bee90d5a4183",
        "type": "github"
      },
      "original": {
        "owner": "NixOS",
        "ref": "nixos-unstable",
        "repo": "nixpkgs",
        "type": "github"
      }
    },
    "nixpkgs_2": {
      "locked": {
        "lastModified": 1684570954,
        "narHash": "sha256-FX5y4Sm87RWwfu9PI71XFvuRpZLowh00FQpIJ1WfXqE=",
        "owner": "NixOS",
        "repo": "nixpkgs",
        "rev": "3005f20ce0aaa58169cdee57c8aa12e5f1b6e1b3",
        "type": "github"
      },
      "original": {
        "owner": "NixOS",
        "ref": "nixos-unstable",
        "repo": "nixpkgs",
        "type": "github"
      }
    },
    "nur": {
      "locked": {
        "lastModified": 1695044463,
        "narHash": "sha256-IpDslnMvcN6RbNugs81hIKDqnbewJV05QTZg1q6TDUg=",
        "owner": "nix-community",
        "repo": "NUR",
        "rev": "3057547f0b16985abbb7c345d36eec00aceb7682",
        "type": "github"
      },
      "original": {
        "owner": "nix-community",
        "repo": "NUR",
        "type": "github"
      }
    },
    "root": {
      "inputs": {
        "bambu-studio": "bambu-studio",
        "disko": "disko",
        "home-manager": "home-manager",
        "nixos-hardware": "nixos-hardware",
        "nixpkgs": "nixpkgs",
        "nur": "nur",
        "vscode-extensions": "vscode-extensions"
      }
    },
    "systems": {
      "locked": {
        "lastModified": 1681028828,
        "narHash": "sha256-Vy1rq5AaRuLzOxct8nz4T6wlgyUR7zLU309k9mBC768=",
        "owner": "nix-systems",
        "repo": "default",
        "rev": "da67096a3b9bf56a91d16901293e51ba5b49a27e",
        "type": "github"
      },
      "original": {
        "owner": "nix-systems",
        "repo": "default",
        "type": "github"
      }
    },
    "vscode-extensions": {
      "inputs": {
        "flake-compat": "flake-compat",
        "flake-utils": "flake-utils",
        "nixpkgs": "nixpkgs_2"
      },
      "locked": {
        "lastModified": 1694999818,
        "narHash": "sha256-ADY0Kv+6rAApLhQ7FFXU8Klod8bJHHHE9pH0Ntk3pWI=",
        "owner": "nix-community",
        "repo": "nix-vscode-extensions",
        "rev": "6dfad0b36b9cc407e8837b569b996c68840d01f2",
        "type": "github"
      },
      "original": {
        "owner": "nix-community",
        "repo": "nix-vscode-extensions",
        "type": "github"
      }
    }
  },
  "root": "root",
  "version": 7
}
