{
  "nodes": {
    "home-manager": {
      "inputs": {
        "nixpkgs": [
          "nixpkgs"
        ]
      },
      "locked": {
        "lastModified": 1656169755,
        "narHash": "sha256-Nlnm4jeQWEGjYrE6hxi/7HYHjBSZ/E0RtjCYifnNsWk=",
        "owner": "nix-community",
        "repo": "home-manager",
        "rev": "4a3d01fb53f52ac83194081272795aa4612c2381",
        "type": "github"
      },
      "original": {
        "owner": "nix-community",
        "ref": "release-22.05",
        "repo": "home-manager",
        "type": "github"
      }
    },
    "nixpkgs": {
      "locked": {
        "lastModified": 1660215038,
        "narHash": "sha256-tqMyd5QB4MZh59wMHXqpro4hkKjz9ubQxkxFSuCuBGE=",
        "owner": "NixOS",
        "repo": "nixpkgs",
        "rev": "45c9736ed69800a6ff2164fb4538c9e40dad25d6",
        "type": "github"
      },
      "original": {
        "owner": "NixOS",
        "ref": "nixos-22.05",
        "repo": "nixpkgs",
        "type": "github"
      }
    },
    "nixpkgs-small": {
      "locked": {
        "lastModified": 1660249227,
        "narHash": "sha256-3ohudT/WI645/ed53zBsFw2w+hr0/2Snbxn0hQJIeC8=",
        "owner": "NixOS",
        "repo": "nixpkgs",
        "rev": "e9b6b5de5c207606127cdc040e6673d22fbfb14e",
        "type": "github"
      },
      "original": {
        "owner": "NixOS",
        "ref": "nixos-22.05-small",
        "repo": "nixpkgs",
        "type": "github"
      }
    },
    "root": {
      "inputs": {
        "home-manager": "home-manager",
        "nixpkgs": "nixpkgs",
        "nixpkgs-small": "nixpkgs-small"
      }
    }
  },
  "root": "root",
  "version": 7
}
